
Microsoft Visual Studio Solution File, Format Version 12.00
Project("{FAE04EC0-301F-11D3-BF4B-00C04F79EFBC}") = "retold", "retold\retold.csproj", "{F4CBE866-62B1-451F-8EC5-A66C397715AF}"
EndProject
Global
	GlobalSection(SolutionConfigurationPlatforms) = preSolution
		Debug|Any CPU = Debug|Any CPU
		Release|Any CPU = Release|Any CPU
	EndGlobalSection
	GlobalSection(ProjectConfigurationPlatforms) = postSolution
		{F4CBE866-62B1-451F-8EC5-A66C397715AF}.Debug|Any CPU.ActiveCfg = Debug|Any CPU
		{F4CBE866-62B1-451F-8EC5-A66C397715AF}.Debug|Any CPU.Build.0 = Debug|Any CPU
		{F4CBE866-62B1-451F-8EC5-A66C397715AF}.Release|Any CPU.ActiveCfg = Release|Any CPU
		{F4CBE866-62B1-451F-8EC5-A66C397715AF}.Release|Any CPU.Build.0 = Release|Any CPU
	EndGlobalSection
EndGlobal
